
Microsoft Visual Studio Solution File, Format Version 12.00
# Visual Studio Version 17
VisualStudioVersion = 17.8.34330.188
MinimumVisualStudioVersion = 10.0.40219.1
Project("{FAE04EC0-301F-11D3-BF4B-00C04F79EFBC}") = "ZooManager", "ZooManager\ZooManager.csproj", "{2084D5CA-4143-4450-8BA1-C2082FFFAED2}"
EndProject
Global
	GlobalSection(SolutionConfigurationPlatforms) = preSolution
		Debug|Any CPU = Debug|Any CPU
		Release|Any CPU = Release|Any CPU
	EndGlobalSection
	GlobalSection(ProjectConfigurationPlatforms) = postSolution
		{2084D5CA-4143-4450-8BA1-C2082FFFAED2}.Debug|Any CPU.ActiveCfg = Debug|Any CPU
		{2084D5CA-4143-4450-8BA1-C2082FFFAED2}.Debug|Any CPU.Build.0 = Debug|Any CPU
		{2084D5CA-4143-4450-8BA1-C2082FFFAED2}.Release|Any CPU.ActiveCfg = Release|Any CPU
		{2084D5CA-4143-4450-8BA1-C2082FFFAED2}.Release|Any CPU.Build.0 = Release|Any CPU
	EndGlobalSection
	GlobalSection(SolutionProperties) = preSolution
		HideSolutionNode = FALSE
	EndGlobalSection
	GlobalSection(ExtensibilityGlobals) = postSolution
		SolutionGuid = {ED39C675-A7BE-4857-9C1E-D03349076133}
	EndGlobalSection
EndGlobal
